
Microsoft Visual Studio Solution File, Format Version 12.00
# Visual Studio Version 17
VisualStudioVersion = 17.9.34728.123
MinimumVisualStudioVersion = 10.0.40219.1
Project("{FAE04EC0-301F-11D3-BF4B-00C04F79EFBC}") = "cs_Form", "cs_Form\cs_Form.csproj", "{F44CC32D-1946-48B6-865E-E369B1F33D76}"
EndProject
Global
	GlobalSection(SolutionConfigurationPlatforms) = preSolution
		Debug|Any CPU = Debug|Any CPU
		Release|Any CPU = Release|Any CPU
	EndGlobalSection
	GlobalSection(ProjectConfigurationPlatforms) = postSolution
		{F44CC32D-1946-48B6-865E-E369B1F33D76}.Debug|Any CPU.ActiveCfg = Debug|Any CPU
		{F44CC32D-1946-48B6-865E-E369B1F33D76}.Debug|Any CPU.Build.0 = Debug|Any CPU
		{F44CC32D-1946-48B6-865E-E369B1F33D76}.Release|Any CPU.ActiveCfg = Release|Any CPU
		{F44CC32D-1946-48B6-865E-E369B1F33D76}.Release|Any CPU.Build.0 = Release|Any CPU
	EndGlobalSection
	GlobalSection(SolutionProperties) = preSolution
		HideSolutionNode = FALSE
	EndGlobalSection
	GlobalSection(ExtensibilityGlobals) = postSolution
		SolutionGuid = {0B8F47AF-F889-41A6-8342-C8D924FC7D23}
	EndGlobalSection
EndGlobal
